
Microsoft Visual Studio Solution File, Format Version 12.00
# Visual Studio 2012
Project("{FAE04EC0-301F-11D3-BF4B-00C04F79EFBC}") = "Pk0", "Pk0\Pk0.csproj", "{19FD9D00-4BBA-44FB-AB3C-AA2040A93DE5}"
EndProject
Global
	GlobalSection(SolutionConfigurationPlatforms) = preSolution
		Debug|Any CPU = Debug|Any CPU
		Release|Any CPU = Release|Any CPU
	EndGlobalSection
	GlobalSection(ProjectConfigurationPlatforms) = postSolution
		{19FD9D00-4BBA-44FB-AB3C-AA2040A93DE5}.Debug|Any CPU.ActiveCfg = Debug|Any CPU
		{19FD9D00-4BBA-44FB-AB3C-AA2040A93DE5}.Debug|Any CPU.Build.0 = Debug|Any CPU
		{19FD9D00-4BBA-44FB-AB3C-AA2040A93DE5}.Release|Any CPU.ActiveCfg = Release|Any CPU
		{19FD9D00-4BBA-44FB-AB3C-AA2040A93DE5}.Release|Any CPU.Build.0 = Release|Any CPU
	EndGlobalSection
	GlobalSection(SolutionProperties) = preSolution
		HideSolutionNode = FALSE
	EndGlobalSection
EndGlobal
