
Microsoft Visual Studio Solution File, Format Version 12.00
# Visual Studio 2012
Project("{FAE04EC0-301F-11D3-BF4B-00C04F79EFBC}") = "advancedCharp", "advancedCharp\advancedCharp.csproj", "{99900134-3E85-423D-B74A-F63A7A7A1FB5}"
EndProject
Global
	GlobalSection(SolutionConfigurationPlatforms) = preSolution
		Debug|Any CPU = Debug|Any CPU
		Release|Any CPU = Release|Any CPU
	EndGlobalSection
	GlobalSection(ProjectConfigurationPlatforms) = postSolution
		{99900134-3E85-423D-B74A-F63A7A7A1FB5}.Debug|Any CPU.ActiveCfg = Debug|Any CPU
		{99900134-3E85-423D-B74A-F63A7A7A1FB5}.Debug|Any CPU.Build.0 = Debug|Any CPU
		{99900134-3E85-423D-B74A-F63A7A7A1FB5}.Release|Any CPU.ActiveCfg = Release|Any CPU
		{99900134-3E85-423D-B74A-F63A7A7A1FB5}.Release|Any CPU.Build.0 = Release|Any CPU
	EndGlobalSection
	GlobalSection(SolutionProperties) = preSolution
		HideSolutionNode = FALSE
	EndGlobalSection
EndGlobal
